
Microsoft Visual Studio Solution File, Format Version 12.00
# Visual Studio Version 17
VisualStudioVersion = 17.5.33627.172
MinimumVisualStudioVersion = 10.0.40219.1
Project("{2150E333-8FDC-42A3-9474-1A3956D46DE8}") = "Solution Items", "Solution Items", "{7C94A53A-129A-47AC-AB92-4881A07C19C0}"
	ProjectSection(SolutionItems) = preProject
		README.md = README.md
	EndProjectSection
EndProject
Project("{FAE04EC0-301F-11D3-BF4B-00C04F79EFBC}") = "Paiwise.OpenExchangeRates", "Paiwise.OpenExchangeRates\Paiwise.OpenExchangeRates.csproj", "{B59D4FC6-857D-495D-8980-9D5719134D5C}"
EndProject
Project("{FAE04EC0-301F-11D3-BF4B-00C04F79EFBC}") = "Paiwise.OpenExchangeRates.Test", "Paiwise.OpenExchangeRates.Test\Paiwise.OpenExchangeRates.Test.csproj", "{D3CDE7A2-25CB-47B9-93F7-7029DE4757B2}"
EndProject
Global
	GlobalSection(SolutionConfigurationPlatforms) = preSolution
		Debug|Any CPU = Debug|Any CPU
		Release|Any CPU = Release|Any CPU
	EndGlobalSection
	GlobalSection(ProjectConfigurationPlatforms) = postSolution
		{B59D4FC6-857D-495D-8980-9D5719134D5C}.Debug|Any CPU.ActiveCfg = Debug|Any CPU
		{B59D4FC6-857D-495D-8980-9D5719134D5C}.Debug|Any CPU.Build.0 = Debug|Any CPU
		{B59D4FC6-857D-495D-8980-9D5719134D5C}.Release|Any CPU.ActiveCfg = Release|Any CPU
		{B59D4FC6-857D-495D-8980-9D5719134D5C}.Release|Any CPU.Build.0 = Release|Any CPU
		{D3CDE7A2-25CB-47B9-93F7-7029DE4757B2}.Debug|Any CPU.ActiveCfg = Debug|Any CPU
		{D3CDE7A2-25CB-47B9-93F7-7029DE4757B2}.Debug|Any CPU.Build.0 = Debug|Any CPU
		{D3CDE7A2-25CB-47B9-93F7-7029DE4757B2}.Release|Any CPU.ActiveCfg = Release|Any CPU
		{D3CDE7A2-25CB-47B9-93F7-7029DE4757B2}.Release|Any CPU.Build.0 = Release|Any CPU
	EndGlobalSection
	GlobalSection(SolutionProperties) = preSolution
		HideSolutionNode = FALSE
	EndGlobalSection
	GlobalSection(ExtensibilityGlobals) = postSolution
		SolutionGuid = {471CBD1B-7461-4752-8E1D-91FDD843AFB2}
	EndGlobalSection
EndGlobal
